// !$*UTF8*$!
{
	archiveVersion = 1;
	classes = {
	};
	objectVersion = 48;
	objects = {

/* Begin PBXBuildFile section */
		804DA02E1FA1BCA900119F74 /* HeaderCollectionReusableView.swift in Sources */ = {isa = PBXBuildFile; fileRef = 804DA02D1FA1BCA900119F74 /* HeaderCollectionReusableView.swift */; };
		80DE71C21FA1791C00128318 /* AppDelegate.swift in Sources */ = {isa = PBXBuildFile; fileRef = 80DE71C11FA1791C00128318 /* AppDelegate.swift */; };
		80DE71C41FA1791C00128318 /* ViewController.swift in Sources */ = {isa = PBXBuildFile; fileRef = 80DE71C31FA1791C00128318 /* ViewController.swift */; };
		80DE71C71FA1791C00128318 /* Main.storyboard in Resources */ = {isa = PBXBuildFile; fileRef = 80DE71C51FA1791C00128318 /* Main.storyboard */; };
		80DE71C91FA1791C00128318 /* Assets.xcassets in Resources */ = {isa = PBXBuildFile; fileRef = 80DE71C81FA1791C00128318 /* Assets.xcassets */; };
		80DE71CC1FA1791C00128318 /* LaunchScreen.storyboard in Resources */ = {isa = PBXBuildFile; fileRef = 80DE71CA1FA1791C00128318 /* LaunchScreen.storyboard */; };
		80DE71D41FA1990100128318 /* CustomCollectionViewCell.swift in Sources */ = {isa = PBXBuildFile; fileRef = 80DE71D31FA1990100128318 /* CustomCollectionViewCell.swift */; };
/* End PBXBuildFile section */

/* Begin PBXFileReference section */
		804DA02D1FA1BCA900119F74 /* HeaderCollectionReusableView.swift */ = {isa = PBXFileReference; lastKnownFileType = sourcecode.swift; path = HeaderCollectionReusableView.swift; sourceTree = "<group>"; };
		80DE71BE1FA1791C00128318 /* CollectionViewExplore.app */ = {isa = PBXFileReference; explicitFileType = wrapper.application; includeInIndex = 0; path = CollectionViewExplore.app; sourceTree = BUILT_PRODUCTS_DIR; };
		80DE71C11FA1791C00128318 /* AppDelegate.swift */ = {isa = PBXFileReference; lastKnownFileType = sourcecode.swift; path = AppDelegate.swift; sourceTree = "<group>"; };
		80DE71C31FA1791C00128318 /* ViewController.swift */ = {isa = PBXFileReference; lastKnownFileType = sourcecode.swift; path = ViewController.swift; sourceTree = "<group>"; };
		80DE71C61FA1791C00128318 /* Base */ = {isa = PBXFileReference; lastKnownFileType = file.storyboard; name = Base; path = Base.lproj/Main.storyboard; sourceTree = "<group>"; };
		80DE71C81FA1791C00128318 /* Assets.xcassets */ = {isa = PBXFileReference; lastKnownFileType = folder.assetcatalog; path = Assets.xcassets; sourceTree = "<group>"; };
		80DE71CB1FA1791C00128318 /* Base */ = {isa = PBXFileReference; lastKnownFileType = file.storyboard; name = Base; path = Base.lproj/LaunchScreen.storyboard; sourceTree = "<group>"; };
		80DE71CD1FA1791C00128318 /* Info.plist */ = {isa = PBXFileReference; lastKnownFileType = text.plist.xml; path = Info.plist; sourceTree = "<group>"; };
		80DE71D31FA1990100128318 /* CustomCollectionViewCell.swift */ = {isa = PBXFileReference; lastKnownFileType = sourcecode.swift; path = CustomCollectionViewCell.swift; sourceTree = "<group>"; };
/* End PBXFileReference section */

/* Begin PBXFrameworksBuildPhase section */
		80DE71BB1FA1791C00128318 /* Frameworks */ = {
			isa = PBXFrameworksBuildPhase;
			buildActionMask = 2147483647;
			files = (
			);
			runOnlyForDeploymentPostprocessing = 0;
		};
/* End PBXFrameworksBuildPhase section */

/* Begin PBXGroup section */
		80DE71B51FA1791C00128318 = {
			isa = PBXGroup;
			children = (
				80DE71C01FA1791C00128318 /* CollectionViewExplore */,
				80DE71BF1FA1791C00128318 /* Products */,
			);
			sourceTree = "<group>";
		};
		80DE71BF1FA1791C00128318 /* Products */ = {
			isa = PBXGroup;
			children = (
				80DE71BE1FA1791C00128318 /* CollectionViewExplore.app */,
			);
			name = Products;
			sourceTree = "<group>";
		};
		80DE71C01FA1791C00128318 /* CollectionViewExplore */ = {
			isa = PBXGroup;
			children = (
				80DE71C11FA1791C00128318 /* AppDelegate.swift */,
				80DE71C31FA1791C00128318 /* ViewController.swift */,
				80DE71D31FA1990100128318 /* CustomCollectionViewCell.swift */,
				804DA02D1FA1BCA900119F74 /* HeaderCollectionReusableView.swift */,
				80DE71C51FA1791C00128318 /* Main.storyboard */,
				80DE71C81FA1791C00128318 /* Assets.xcassets */,
				80DE71CA1FA1791C00128318 /* LaunchScreen.storyboard */,
				80DE71CD1FA1791C00128318 /* Info.plist */,
			);
			path = CollectionViewExplore;
			sourceTree = "<group>";
		};
/* End PBXGroup section */

/* Begin PBXNativeTarget section */
		80DE71BD1FA1791C00128318 /* CollectionViewExplore */ = {
			isa = PBXNativeTarget;
			buildConfigurationList = 80DE71D01FA1791C00128318 /* Build configuration list for PBXNativeTarget "CollectionViewExplore" */;
			buildPhases = (
				80DE71BA1FA1791C00128318 /* Sources */,
				80DE71BB1FA1791C00128318 /* Frameworks */,
				80DE71BC1FA1791C00128318 /* Resources */,
			);
			buildRules = (
			);
			dependencies = (
			);
			name = CollectionViewExplore;
			productName = CollectionViewExplore;
			productReference = 80DE71BE1FA1791C00128318 /* CollectionViewExplore.app */;
			productType = "com.apple.product-type.application";
		};
/* End PBXNativeTarget section */

/* Begin PBXProject section */
		80DE71B61FA1791C00128318 /* Project object */ = {
			isa = PBXProject;
			attributes = {
				LastSwiftUpdateCheck = 0900;
				LastUpgradeCheck = 0900;
				ORGANIZATIONNAME = "Ashis Laha";
				TargetAttributes = {
					80DE71BD1FA1791C00128318 = {
						CreatedOnToolsVersion = 9.0.1;
						ProvisioningStyle = Automatic;
					};
				};
			};
			buildConfigurationList = 80DE71B91FA1791C00128318 /* Build configuration list for PBXProject "CollectionViewExplore" */;
			compatibilityVersion = "Xcode 8.0";
			developmentRegion = en;
			hasScannedForEncodings = 0;
			knownRegions = (
				en,
				Base,
			);
			mainGroup = 80DE71B51FA1791C00128318;
			productRefGroup = 80DE71BF1FA1791C00128318 /* Products */;
			projectDirPath = "";
			projectRoot = "";
			targets = (
				80DE71BD1FA1791C00128318 /* CollectionViewExplore */,
			);
		};
/* End PBXProject section */

/* Begin PBXResourcesBuildPhase section */
		80DE71BC1FA1791C00128318 /* Resources */ = {
			isa = PBXResourcesBuildPhase;
			buildActionMask = 2147483647;
			files = (
				80DE71CC1FA1791C00128318 /* LaunchScreen.storyboard in Resources */,
				80DE71C91FA1791C00128318 /* Assets.xcassets in Resources */,
				80DE71C71FA1791C00128318 /* Main.storyboard in Resources */,
			);
			runOnlyForDeploymentPostprocessing = 0;
		};
/* End PBXResourcesBuildPhase section */

/* Begin PBXSourcesBuildPhase section */
		80DE71BA1FA1791C00128318 /* Sources */ = {
			isa = PBXSourcesBuildPhase;
			buildActionMask = 2147483647;
			files = (
				804DA02E1FA1BCA900119F74 /* HeaderCollectionReusableView.swift in Sources */,
				80DE71C41FA1791C00128318 /* ViewController.swift in Sources */,
				80DE71D41FA1990100128318 /* CustomCollectionViewCell.swift in Sources */,
				80DE71C21FA1791C00128318 /* AppDelegate.swift in Sources */,
			);
			runOnlyForDeploymentPostprocessing = 0;
		};
/* End PBXSourcesBuildPhase section */

/* Begin PBXVariantGroup section */
		80DE71C51FA1791C00128318 /* Main.storyboard */ = {
			isa = PBXVariantGroup;
			children = (
				80DE71C61FA1791C00128318 /* Base */,
			);
			name = Main.storyboard;
			sourceTree = "<group>";
		};
		80DE71CA1FA1791C00128318 /* LaunchScreen.storyboard */ = {
			isa = PBXVariantGroup;
			children = (
				80DE71CB1FA1791C00128318 /* Base */,
			);
			name = LaunchScreen.storyboard;
			sourceTree = "<group>";
		};
/* End PBXVariantGroup section */

/* Begin XCBuildConfiguration section */
		80DE71CE1FA1791C00128318 /* Debug */ = {
			isa = XCBuildConfiguration;
			buildSettings = {
				ALWAYS_SEARCH_USER_PATHS = NO;
				CLANG_ANALYZER_NONNULL = YES;
				CLANG_ANALYZER_NUMBER_OBJECT_CONVERSION = YES_AGGRESSIVE;
				CLANG_CXX_LANGUAGE_STANDARD = "gnu++14";
				CLANG_CXX_LIBRARY = "libc++";
				CLANG_ENABLE_MODULES = YES;
				CLANG_ENABLE_OBJC_ARC = YES;
				CLANG_WARN_BLOCK_CAPTURE_AUTORELEASING = YES;
				CLANG_WARN_BOOL_CONVERSION = YES;
				CLANG_WARN_COMMA = YES;
				CLANG_WARN_CONSTANT_CONVERSION = YES;
				CLANG_WARN_DIRECT_OBJC_ISA_USAGE = YES_ERROR;
				CLANG_WARN_DOCUMENTATION_COMMENTS = YES;
				CLANG_WARN_EMPTY_BODY = YES;
				CLANG_WARN_ENUM_CONVERSION = YES;
				CLANG_WARN_INFINITE_RECURSION = YES;
				CLANG_WARN_INT_CONVERSION = YES;
				CLANG_WARN_NON_LITERAL_NULL_CONVERSION = YES;
				CLANG_WARN_OBJC_LITERAL_CONVERSION = YES;
				CLANG_WARN_OBJC_ROOT_CLASS = YES_ERROR;
				CLANG_WARN_RANGE_LOOP_ANALYSIS = YES;
				CLANG_WARN_STRICT_PROTOTYPES = YES;
				CLANG_WARN_SUSPICIOUS_MOVE = YES;
				CLANG_WARN_UNGUARDED_AVAILABILITY = YES_AGGRESSIVE;
				CLANG_WARN_UNREACHABLE_CODE = YES;
				CLANG_WARN__DUPLICATE_METHOD_MATCH = YES;
				CODE_SIGN_IDENTITY = "iPhone Developer";
				COPY_PHASE_STRIP = NO;
				DEBUG_INFORMATION_FORMAT = dwarf;
				ENABLE_STRICT_OBJC_MSGSEND = YES;
				ENABLE_TESTABILITY = YES;
				GCC_C_LANGUAGE_STANDARD = gnu11;
				GCC_DYNAMIC_NO_PIC = NO;
				GCC_NO_COMMON_BLOCKS = YES;
				GCC_OPTIMIZATION_LEVEL = 0;
				GCC_PREPROCESSOR_DEFINITIONS = (
					"DEBUG=1",
					"$(inherited)",
				);
				GCC_WARN_64_TO_32_BIT_CONVERSION = YES;
				GCC_WARN_ABOUT_RETURN_TYPE = YES_ERROR;
				GCC_WARN_UNDECLARED_SELECTOR = YES;
				GCC_WARN_UNINITIALIZED_AUTOS = YES_AGGRESSIVE;
				GCC_WARN_UNUSED_FUNCTION = YES;
				GCC_WARN_UNUSED_VARIABLE = YES;
				IPHONEOS_DEPLOYMENT_TARGET = 11.0;
				MTL_ENABLE_DEBUG_INFO = YES;
				ONLY_ACTIVE_ARCH = YES;
				SDKROOT = iphoneos;
				SWIFT_ACTIVE_COMPILATION_CONDITIONS = DEBUG;
				SWIFT_OPTIMIZATION_LEVEL = "-Onone";
			};
			name = Debug;
		};
		80DE71CF1FA1791C00128318 /* Release */ = {
			isa = XCBuildConfiguration;
			buildSettings = {
				ALWAYS_SEARCH_USER_PATHS = NO;
				CLANG_ANALYZER_NONNULL = YES;
				CLANG_ANALYZER_NUMBER_OBJECT_CONVERSION = YES_AGGRESSIVE;
				CLANG_CXX_LANGUAGE_STANDARD = "gnu++14";
				CLANG_CXX_LIBRARY = "libc++";
				CLANG_ENABLE_MODULES = YES;
				CLANG_ENABLE_OBJC_ARC = YES;
				CLANG_WARN_BLOCK_CAPTURE_AUTORELEASING = YES;
				CLANG_WARN_BOOL_CONVERSION = YES;
				CLANG_WARN_COMMA = YES;
				CLANG_WARN_CONSTANT_CONVERSION = YES;
				CLANG_WARN_DIRECT_OBJC_ISA_USAGE = YES_ERROR;
				CLANG_WARN_DOCUMENTATION_COMMENTS = YES;
				CLANG_WARN_EMPTY_BODY = YES;
				CLANG_WARN_ENUM_CONVERSION = YES;
				CLANG_WARN_INFINITE_RECURSION = YES;
				CLANG_WARN_INT_CONVERSION = YES;
				CLANG_WARN_NON_LITERAL_NULL_CONVERSION = YES;
				CLANG_WARN_OBJC_LITERAL_CONVERSION = YES;
				CLANG_WARN_OBJC_ROOT_CLASS = YES_ERROR;
				CLANG_WARN_RANGE_LOOP_ANALYSIS = YES;
				CLANG_WARN_STRICT_PROTOTYPES = YES;
				CLANG_WARN_SUSPICIOUS_MOVE = YES;
				CLANG_WARN_UNGUARDED_AVAILABILITY = YES_AGGRESSIVE;
				CLANG_WARN_UNREACHABLE_CODE = YES;
				CLANG_WARN__DUPLICATE_METHOD_MATCH = YES;
				CODE_SIGN_IDENTITY = "iPhone Developer";
				COPY_PHASE_STRIP = NO;
				DEBUG_INFORMATION_FORMAT = "dwarf-with-dsym";
				ENABLE_NS_ASSERTIONS = NO;
				ENABLE_STRICT_OBJC_MSGSEND = YES;
				GCC_C_LANGUAGE_STANDARD = gnu11;
				GCC_NO_COMMON_BLOCKS = YES;
				GCC_WARN_64_TO_32_BIT_CONVERSION = YES;
				GCC_WARN_ABOUT_RETURN_TYPE = YES_ERROR;
				GCC_WARN_UNDECLARED_SELECTOR = YES;
				GCC_WARN_UNINITIALIZED_AUTOS = YES_AGGRESSIVE;
				GCC_WARN_UNUSED_FUNCTION = YES;
				GCC_WARN_UNUSED_VARIABLE = YES;
				IPHONEOS_DEPLOYMENT_TARGET = 11.0;
				MTL_ENABLE_DEBUG_INFO = NO;
				SDKROOT = iphoneos;
				SWIFT_OPTIMIZATION_LEVEL = "-Owholemodule";
				VALIDATE_PRODUCT = YES;
			};
			name = Release;
		};
		80DE71D11FA1791C00128318 /* Debug */ = {
			isa = XCBuildConfiguration;
			buildSettings = {
				ASSETCATALOG_COMPILER_APPICON_NAME = AppIcon;
				CODE_SIGN_STYLE = Automatic;
				DEVELOPMENT_TEAM = 87F557PJ6U;
				INFOPLIST_FILE = CollectionViewExplore/Info.plist;
				LD_RUNPATH_SEARCH_PATHS = "$(inherited) @executable_path/Frameworks";
				PRODUCT_BUNDLE_IDENTIFIER = ALaha.CollectionViewExplore;
				PRODUCT_NAME = "$(TARGET_NAME)";
				SWIFT_VERSION = 4.0;
				TARGETED_DEVICE_FAMILY = "1,2";
			};
			name = Debug;
		};
		80DE71D21FA1791C00128318 /* Release */ = {
			isa = XCBuildConfiguration;
			buildSettings = {
				ASSETCATALOG_COMPILER_APPICON_NAME = AppIcon;
				CODE_SIGN_STYLE = Automatic;
				DEVELOPMENT_TEAM = 87F557PJ6U;
				INFOPLIST_FILE = CollectionViewExplore/Info.plist;
				LD_RUNPATH_SEARCH_PATHS = "$(inherited) @executable_path/Frameworks";
				PRODUCT_BUNDLE_IDENTIFIER = ALaha.CollectionViewExplore;
				PRODUCT_NAME = "$(TARGET_NAME)";
				SWIFT_VERSION = 4.0;
				TARGETED_DEVICE_FAMILY = "1,2";
			};
			name = Release;
		};
/* End XCBuildConfiguration section */

/* Begin XCConfigurationList section */
		80DE71B91FA1791C00128318 /* Build configuration list for PBXProject "CollectionViewExplore" */ = {
			isa = XCConfigurationList;
			buildConfigurations = (
				80DE71CE1FA1791C00128318 /* Debug */,
				80DE71CF1FA1791C00128318 /* Release */,
			);
			defaultConfigurationIsVisible = 0;
			defaultConfigurationName = Release;
		};
		80DE71D01FA1791C00128318 /* Build configuration list for PBXNativeTarget "CollectionViewExplore" */ = {
			isa = XCConfigurationList;
			buildConfigurations = (
				80DE71D11FA1791C00128318 /* Debug */,
				80DE71D21FA1791C00128318 /* Release */,
			);
			defaultConfigurationIsVisible = 0;
			defaultConfigurationName = Release;
		};
/* End XCConfigurationList section */
	};
	rootObject = 80DE71B61FA1791C00128318 /* Project object */;
}
