// !$*UTF8*$!
{
	archiveVersion = 1;
	classes = {
	};
	objectVersion = 48;
	objects = {

/* Begin PBXBuildFile section */
		80E8C2571FB0AB420073C2EF /* AppDelegate.swift in Sources */ = {isa = PBXBuildFile; fileRef = 80E8C2561FB0AB420073C2EF /* AppDelegate.swift */; };
		80E8C2591FB0AB420073C2EF /* ViewController.swift in Sources */ = {isa = PBXBuildFile; fileRef = 80E8C2581FB0AB420073C2EF /* ViewController.swift */; };
		80E8C25C1FB0AB420073C2EF /* Main.storyboard in Resources */ = {isa = PBXBuildFile; fileRef = 80E8C25A1FB0AB420073C2EF /* Main.storyboard */; };
		80E8C25F1FB0AB420073C2EF /* Explore_Core_Data.xcdatamodeld in Sources */ = {isa = PBXBuildFile; fileRef = 80E8C25D1FB0AB420073C2EF /* Explore_Core_Data.xcdatamodeld */; };
		80E8C2611FB0AB420073C2EF /* Assets.xcassets in Resources */ = {isa = PBXBuildFile; fileRef = 80E8C2601FB0AB420073C2EF /* Assets.xcassets */; };
		80E8C2641FB0AB420073C2EF /* LaunchScreen.storyboard in Resources */ = {isa = PBXBuildFile; fileRef = 80E8C2621FB0AB420073C2EF /* LaunchScreen.storyboard */; };
		80E8C27A1FB0ADCD0073C2EF /* Person+CoreDataClass.swift in Sources */ = {isa = PBXBuildFile; fileRef = 80E8C2761FB0ADCD0073C2EF /* Person+CoreDataClass.swift */; };
		80E8C27B1FB0ADCD0073C2EF /* Person+CoreDataProperties.swift in Sources */ = {isa = PBXBuildFile; fileRef = 80E8C2771FB0ADCD0073C2EF /* Person+CoreDataProperties.swift */; };
		80E8C27C1FB0ADCD0073C2EF /* Apartment+CoreDataClass.swift in Sources */ = {isa = PBXBuildFile; fileRef = 80E8C2781FB0ADCD0073C2EF /* Apartment+CoreDataClass.swift */; };
		80E8C27D1FB0ADCD0073C2EF /* Apartment+CoreDataProperties.swift in Sources */ = {isa = PBXBuildFile; fileRef = 80E8C2791FB0ADCD0073C2EF /* Apartment+CoreDataProperties.swift */; };
/* End PBXBuildFile section */

/* Begin PBXFileReference section */
		80E8C2531FB0AB420073C2EF /* Explore Core Data.app */ = {isa = PBXFileReference; explicitFileType = wrapper.application; includeInIndex = 0; path = "Explore Core Data.app"; sourceTree = BUILT_PRODUCTS_DIR; };
		80E8C2561FB0AB420073C2EF /* AppDelegate.swift */ = {isa = PBXFileReference; lastKnownFileType = sourcecode.swift; path = AppDelegate.swift; sourceTree = "<group>"; };
		80E8C2581FB0AB420073C2EF /* ViewController.swift */ = {isa = PBXFileReference; lastKnownFileType = sourcecode.swift; path = ViewController.swift; sourceTree = "<group>"; };
		80E8C25B1FB0AB420073C2EF /* Base */ = {isa = PBXFileReference; lastKnownFileType = file.storyboard; name = Base; path = Base.lproj/Main.storyboard; sourceTree = "<group>"; };
		80E8C25E1FB0AB420073C2EF /* Explore_Core_Data.xcdatamodel */ = {isa = PBXFileReference; lastKnownFileType = wrapper.xcdatamodel; path = Explore_Core_Data.xcdatamodel; sourceTree = "<group>"; };
		80E8C2601FB0AB420073C2EF /* Assets.xcassets */ = {isa = PBXFileReference; lastKnownFileType = folder.assetcatalog; path = Assets.xcassets; sourceTree = "<group>"; };
		80E8C2631FB0AB420073C2EF /* Base */ = {isa = PBXFileReference; lastKnownFileType = file.storyboard; name = Base; path = Base.lproj/LaunchScreen.storyboard; sourceTree = "<group>"; };
		80E8C2651FB0AB420073C2EF /* Info.plist */ = {isa = PBXFileReference; lastKnownFileType = text.plist.xml; path = Info.plist; sourceTree = "<group>"; };
		80E8C2761FB0ADCD0073C2EF /* Person+CoreDataClass.swift */ = {isa = PBXFileReference; lastKnownFileType = sourcecode.swift; path = "Person+CoreDataClass.swift"; sourceTree = "<group>"; };
		80E8C2771FB0ADCD0073C2EF /* Person+CoreDataProperties.swift */ = {isa = PBXFileReference; lastKnownFileType = sourcecode.swift; path = "Person+CoreDataProperties.swift"; sourceTree = "<group>"; };
		80E8C2781FB0ADCD0073C2EF /* Apartment+CoreDataClass.swift */ = {isa = PBXFileReference; lastKnownFileType = sourcecode.swift; path = "Apartment+CoreDataClass.swift"; sourceTree = "<group>"; };
		80E8C2791FB0ADCD0073C2EF /* Apartment+CoreDataProperties.swift */ = {isa = PBXFileReference; lastKnownFileType = sourcecode.swift; path = "Apartment+CoreDataProperties.swift"; sourceTree = "<group>"; };
/* End PBXFileReference section */

/* Begin PBXFrameworksBuildPhase section */
		80E8C2501FB0AB420073C2EF /* Frameworks */ = {
			isa = PBXFrameworksBuildPhase;
			buildActionMask = 2147483647;
			files = (
			);
			runOnlyForDeploymentPostprocessing = 0;
		};
/* End PBXFrameworksBuildPhase section */

/* Begin PBXGroup section */
		80E8C24A1FB0AB420073C2EF = {
			isa = PBXGroup;
			children = (
				80E8C2551FB0AB420073C2EF /* Explore Core Data */,
				80E8C2541FB0AB420073C2EF /* Products */,
			);
			sourceTree = "<group>";
		};
		80E8C2541FB0AB420073C2EF /* Products */ = {
			isa = PBXGroup;
			children = (
				80E8C2531FB0AB420073C2EF /* Explore Core Data.app */,
			);
			name = Products;
			sourceTree = "<group>";
		};
		80E8C2551FB0AB420073C2EF /* Explore Core Data */ = {
			isa = PBXGroup;
			children = (
				80E8C2561FB0AB420073C2EF /* AppDelegate.swift */,
				80E8C2731FB0AD6F0073C2EF /* Core Data */,
				80E8C2751FB0AD8F0073C2EF /* Controller */,
				80E8C2741FB0AD820073C2EF /* View */,
				80E8C2651FB0AB420073C2EF /* Info.plist */,
			);
			path = "Explore Core Data";
			sourceTree = "<group>";
		};
		80E8C2731FB0AD6F0073C2EF /* Core Data */ = {
			isa = PBXGroup;
			children = (
				80E8C2761FB0ADCD0073C2EF /* Person+CoreDataClass.swift */,
				80E8C2771FB0ADCD0073C2EF /* Person+CoreDataProperties.swift */,
				80E8C2781FB0ADCD0073C2EF /* Apartment+CoreDataClass.swift */,
				80E8C2791FB0ADCD0073C2EF /* Apartment+CoreDataProperties.swift */,
				80E8C25D1FB0AB420073C2EF /* Explore_Core_Data.xcdatamodeld */,
			);
			path = "Core Data";
			sourceTree = "<group>";
		};
		80E8C2741FB0AD820073C2EF /* View */ = {
			isa = PBXGroup;
			children = (
				80E8C25A1FB0AB420073C2EF /* Main.storyboard */,
				80E8C2601FB0AB420073C2EF /* Assets.xcassets */,
				80E8C2621FB0AB420073C2EF /* LaunchScreen.storyboard */,
			);
			path = View;
			sourceTree = "<group>";
		};
		80E8C2751FB0AD8F0073C2EF /* Controller */ = {
			isa = PBXGroup;
			children = (
				80E8C2581FB0AB420073C2EF /* ViewController.swift */,
			);
			path = Controller;
			sourceTree = "<group>";
		};
/* End PBXGroup section */

/* Begin PBXNativeTarget section */
		80E8C2521FB0AB420073C2EF /* Explore Core Data */ = {
			isa = PBXNativeTarget;
			buildConfigurationList = 80E8C2681FB0AB420073C2EF /* Build configuration list for PBXNativeTarget "Explore Core Data" */;
			buildPhases = (
				80E8C24F1FB0AB420073C2EF /* Sources */,
				80E8C2501FB0AB420073C2EF /* Frameworks */,
				80E8C2511FB0AB420073C2EF /* Resources */,
			);
			buildRules = (
			);
			dependencies = (
			);
			name = "Explore Core Data";
			productName = "Explore Core Data";
			productReference = 80E8C2531FB0AB420073C2EF /* Explore Core Data.app */;
			productType = "com.apple.product-type.application";
		};
/* End PBXNativeTarget section */

/* Begin PBXProject section */
		80E8C24B1FB0AB420073C2EF /* Project object */ = {
			isa = PBXProject;
			attributes = {
				LastSwiftUpdateCheck = 0900;
				LastUpgradeCheck = 0900;
				ORGANIZATIONNAME = "Ashis Laha";
				TargetAttributes = {
					80E8C2521FB0AB420073C2EF = {
						CreatedOnToolsVersion = 9.0.1;
						ProvisioningStyle = Automatic;
					};
				};
			};
			buildConfigurationList = 80E8C24E1FB0AB420073C2EF /* Build configuration list for PBXProject "Explore Core Data" */;
			compatibilityVersion = "Xcode 8.0";
			developmentRegion = en;
			hasScannedForEncodings = 0;
			knownRegions = (
				en,
				Base,
			);
			mainGroup = 80E8C24A1FB0AB420073C2EF;
			productRefGroup = 80E8C2541FB0AB420073C2EF /* Products */;
			projectDirPath = "";
			projectRoot = "";
			targets = (
				80E8C2521FB0AB420073C2EF /* Explore Core Data */,
			);
		};
/* End PBXProject section */

/* Begin PBXResourcesBuildPhase section */
		80E8C2511FB0AB420073C2EF /* Resources */ = {
			isa = PBXResourcesBuildPhase;
			buildActionMask = 2147483647;
			files = (
				80E8C2641FB0AB420073C2EF /* LaunchScreen.storyboard in Resources */,
				80E8C2611FB0AB420073C2EF /* Assets.xcassets in Resources */,
				80E8C25C1FB0AB420073C2EF /* Main.storyboard in Resources */,
			);
			runOnlyForDeploymentPostprocessing = 0;
		};
/* End PBXResourcesBuildPhase section */

/* Begin PBXSourcesBuildPhase section */
		80E8C24F1FB0AB420073C2EF /* Sources */ = {
			isa = PBXSourcesBuildPhase;
			buildActionMask = 2147483647;
			files = (
				80E8C27A1FB0ADCD0073C2EF /* Person+CoreDataClass.swift in Sources */,
				80E8C27B1FB0ADCD0073C2EF /* Person+CoreDataProperties.swift in Sources */,
				80E8C25F1FB0AB420073C2EF /* Explore_Core_Data.xcdatamodeld in Sources */,
				80E8C2591FB0AB420073C2EF /* ViewController.swift in Sources */,
				80E8C27D1FB0ADCD0073C2EF /* Apartment+CoreDataProperties.swift in Sources */,
				80E8C27C1FB0ADCD0073C2EF /* Apartment+CoreDataClass.swift in Sources */,
				80E8C2571FB0AB420073C2EF /* AppDelegate.swift in Sources */,
			);
			runOnlyForDeploymentPostprocessing = 0;
		};
/* End PBXSourcesBuildPhase section */

/* Begin PBXVariantGroup section */
		80E8C25A1FB0AB420073C2EF /* Main.storyboard */ = {
			isa = PBXVariantGroup;
			children = (
				80E8C25B1FB0AB420073C2EF /* Base */,
			);
			name = Main.storyboard;
			sourceTree = "<group>";
		};
		80E8C2621FB0AB420073C2EF /* LaunchScreen.storyboard */ = {
			isa = PBXVariantGroup;
			children = (
				80E8C2631FB0AB420073C2EF /* Base */,
			);
			name = LaunchScreen.storyboard;
			sourceTree = "<group>";
		};
/* End PBXVariantGroup section */

/* Begin XCBuildConfiguration section */
		80E8C2661FB0AB420073C2EF /* Debug */ = {
			isa = XCBuildConfiguration;
			buildSettings = {
				ALWAYS_SEARCH_USER_PATHS = NO;
				CLANG_ANALYZER_NONNULL = YES;
				CLANG_ANALYZER_NUMBER_OBJECT_CONVERSION = YES_AGGRESSIVE;
				CLANG_CXX_LANGUAGE_STANDARD = "gnu++14";
				CLANG_CXX_LIBRARY = "libc++";
				CLANG_ENABLE_MODULES = YES;
				CLANG_ENABLE_OBJC_ARC = YES;
				CLANG_WARN_BLOCK_CAPTURE_AUTORELEASING = YES;
				CLANG_WARN_BOOL_CONVERSION = YES;
				CLANG_WARN_COMMA = YES;
				CLANG_WARN_CONSTANT_CONVERSION = YES;
				CLANG_WARN_DIRECT_OBJC_ISA_USAGE = YES_ERROR;
				CLANG_WARN_DOCUMENTATION_COMMENTS = YES;
				CLANG_WARN_EMPTY_BODY = YES;
				CLANG_WARN_ENUM_CONVERSION = YES;
				CLANG_WARN_INFINITE_RECURSION = YES;
				CLANG_WARN_INT_CONVERSION = YES;
				CLANG_WARN_NON_LITERAL_NULL_CONVERSION = YES;
				CLANG_WARN_OBJC_LITERAL_CONVERSION = YES;
				CLANG_WARN_OBJC_ROOT_CLASS = YES_ERROR;
				CLANG_WARN_RANGE_LOOP_ANALYSIS = YES;
				CLANG_WARN_STRICT_PROTOTYPES = YES;
				CLANG_WARN_SUSPICIOUS_MOVE = YES;
				CLANG_WARN_UNGUARDED_AVAILABILITY = YES_AGGRESSIVE;
				CLANG_WARN_UNREACHABLE_CODE = YES;
				CLANG_WARN__DUPLICATE_METHOD_MATCH = YES;
				CODE_SIGN_IDENTITY = "iPhone Developer";
				COPY_PHASE_STRIP = NO;
				DEBUG_INFORMATION_FORMAT = dwarf;
				ENABLE_STRICT_OBJC_MSGSEND = YES;
				ENABLE_TESTABILITY = YES;
				GCC_C_LANGUAGE_STANDARD = gnu11;
				GCC_DYNAMIC_NO_PIC = NO;
				GCC_NO_COMMON_BLOCKS = YES;
				GCC_OPTIMIZATION_LEVEL = 0;
				GCC_PREPROCESSOR_DEFINITIONS = (
					"DEBUG=1",
					"$(inherited)",
				);
				GCC_WARN_64_TO_32_BIT_CONVERSION = YES;
				GCC_WARN_ABOUT_RETURN_TYPE = YES_ERROR;
				GCC_WARN_UNDECLARED_SELECTOR = YES;
				GCC_WARN_UNINITIALIZED_AUTOS = YES_AGGRESSIVE;
				GCC_WARN_UNUSED_FUNCTION = YES;
				GCC_WARN_UNUSED_VARIABLE = YES;
				IPHONEOS_DEPLOYMENT_TARGET = 11.0;
				MTL_ENABLE_DEBUG_INFO = YES;
				ONLY_ACTIVE_ARCH = YES;
				SDKROOT = iphoneos;
				SWIFT_ACTIVE_COMPILATION_CONDITIONS = DEBUG;
				SWIFT_OPTIMIZATION_LEVEL = "-Onone";
			};
			name = Debug;
		};
		80E8C2671FB0AB420073C2EF /* Release */ = {
			isa = XCBuildConfiguration;
			buildSettings = {
				ALWAYS_SEARCH_USER_PATHS = NO;
				CLANG_ANALYZER_NONNULL = YES;
				CLANG_ANALYZER_NUMBER_OBJECT_CONVERSION = YES_AGGRESSIVE;
				CLANG_CXX_LANGUAGE_STANDARD = "gnu++14";
				CLANG_CXX_LIBRARY = "libc++";
				CLANG_ENABLE_MODULES = YES;
				CLANG_ENABLE_OBJC_ARC = YES;
				CLANG_WARN_BLOCK_CAPTURE_AUTORELEASING = YES;
				CLANG_WARN_BOOL_CONVERSION = YES;
				CLANG_WARN_COMMA = YES;
				CLANG_WARN_CONSTANT_CONVERSION = YES;
				CLANG_WARN_DIRECT_OBJC_ISA_USAGE = YES_ERROR;
				CLANG_WARN_DOCUMENTATION_COMMENTS = YES;
				CLANG_WARN_EMPTY_BODY = YES;
				CLANG_WARN_ENUM_CONVERSION = YES;
				CLANG_WARN_INFINITE_RECURSION = YES;
				CLANG_WARN_INT_CONVERSION = YES;
				CLANG_WARN_NON_LITERAL_NULL_CONVERSION = YES;
				CLANG_WARN_OBJC_LITERAL_CONVERSION = YES;
				CLANG_WARN_OBJC_ROOT_CLASS = YES_ERROR;
				CLANG_WARN_RANGE_LOOP_ANALYSIS = YES;
				CLANG_WARN_STRICT_PROTOTYPES = YES;
				CLANG_WARN_SUSPICIOUS_MOVE = YES;
				CLANG_WARN_UNGUARDED_AVAILABILITY = YES_AGGRESSIVE;
				CLANG_WARN_UNREACHABLE_CODE = YES;
				CLANG_WARN__DUPLICATE_METHOD_MATCH = YES;
				CODE_SIGN_IDENTITY = "iPhone Developer";
				COPY_PHASE_STRIP = NO;
				DEBUG_INFORMATION_FORMAT = "dwarf-with-dsym";
				ENABLE_NS_ASSERTIONS = NO;
				ENABLE_STRICT_OBJC_MSGSEND = YES;
				GCC_C_LANGUAGE_STANDARD = gnu11;
				GCC_NO_COMMON_BLOCKS = YES;
				GCC_WARN_64_TO_32_BIT_CONVERSION = YES;
				GCC_WARN_ABOUT_RETURN_TYPE = YES_ERROR;
				GCC_WARN_UNDECLARED_SELECTOR = YES;
				GCC_WARN_UNINITIALIZED_AUTOS = YES_AGGRESSIVE;
				GCC_WARN_UNUSED_FUNCTION = YES;
				GCC_WARN_UNUSED_VARIABLE = YES;
				IPHONEOS_DEPLOYMENT_TARGET = 11.0;
				MTL_ENABLE_DEBUG_INFO = NO;
				SDKROOT = iphoneos;
				SWIFT_OPTIMIZATION_LEVEL = "-Owholemodule";
				VALIDATE_PRODUCT = YES;
			};
			name = Release;
		};
		80E8C2691FB0AB420073C2EF /* Debug */ = {
			isa = XCBuildConfiguration;
			buildSettings = {
				ASSETCATALOG_COMPILER_APPICON_NAME = AppIcon;
				CODE_SIGN_STYLE = Automatic;
				DEVELOPMENT_TEAM = 87F557PJ6U;
				INFOPLIST_FILE = "Explore Core Data/Info.plist";
				LD_RUNPATH_SEARCH_PATHS = "$(inherited) @executable_path/Frameworks";
				PRODUCT_BUNDLE_IDENTIFIER = "ALaha.Explore-Core-Data";
				PRODUCT_NAME = "$(TARGET_NAME)";
				SWIFT_VERSION = 4.0;
				TARGETED_DEVICE_FAMILY = "1,2";
			};
			name = Debug;
		};
		80E8C26A1FB0AB420073C2EF /* Release */ = {
			isa = XCBuildConfiguration;
			buildSettings = {
				ASSETCATALOG_COMPILER_APPICON_NAME = AppIcon;
				CODE_SIGN_STYLE = Automatic;
				DEVELOPMENT_TEAM = 87F557PJ6U;
				INFOPLIST_FILE = "Explore Core Data/Info.plist";
				LD_RUNPATH_SEARCH_PATHS = "$(inherited) @executable_path/Frameworks";
				PRODUCT_BUNDLE_IDENTIFIER = "ALaha.Explore-Core-Data";
				PRODUCT_NAME = "$(TARGET_NAME)";
				SWIFT_VERSION = 4.0;
				TARGETED_DEVICE_FAMILY = "1,2";
			};
			name = Release;
		};
/* End XCBuildConfiguration section */

/* Begin XCConfigurationList section */
		80E8C24E1FB0AB420073C2EF /* Build configuration list for PBXProject "Explore Core Data" */ = {
			isa = XCConfigurationList;
			buildConfigurations = (
				80E8C2661FB0AB420073C2EF /* Debug */,
				80E8C2671FB0AB420073C2EF /* Release */,
			);
			defaultConfigurationIsVisible = 0;
			defaultConfigurationName = Release;
		};
		80E8C2681FB0AB420073C2EF /* Build configuration list for PBXNativeTarget "Explore Core Data" */ = {
			isa = XCConfigurationList;
			buildConfigurations = (
				80E8C2691FB0AB420073C2EF /* Debug */,
				80E8C26A1FB0AB420073C2EF /* Release */,
			);
			defaultConfigurationIsVisible = 0;
			defaultConfigurationName = Release;
		};
/* End XCConfigurationList section */

/* Begin XCVersionGroup section */
		80E8C25D1FB0AB420073C2EF /* Explore_Core_Data.xcdatamodeld */ = {
			isa = XCVersionGroup;
			children = (
				80E8C25E1FB0AB420073C2EF /* Explore_Core_Data.xcdatamodel */,
			);
			currentVersion = 80E8C25E1FB0AB420073C2EF /* Explore_Core_Data.xcdatamodel */;
			path = Explore_Core_Data.xcdatamodeld;
			sourceTree = "<group>";
			versionGroupType = wrapper.xcdatamodel;
		};
/* End XCVersionGroup section */
	};
	rootObject = 80E8C24B1FB0AB420073C2EF /* Project object */;
}
