// !$*UTF8*$!
{
	archiveVersion = 1;
	classes = {
	};
	objectVersion = 48;
	objects = {

/* Begin PBXBuildFile section */
		80A4E5751FAAFE2700A9658D /* AppDelegate.swift in Sources */ = {isa = PBXBuildFile; fileRef = 80A4E5741FAAFE2700A9658D /* AppDelegate.swift */; };
		80A4E5771FAAFE2700A9658D /* BaseViewController.swift in Sources */ = {isa = PBXBuildFile; fileRef = 80A4E5761FAAFE2700A9658D /* BaseViewController.swift */; };
		80A4E57A1FAAFE2700A9658D /* Main.storyboard in Resources */ = {isa = PBXBuildFile; fileRef = 80A4E5781FAAFE2700A9658D /* Main.storyboard */; };
		80A4E57C1FAAFE2700A9658D /* Assets.xcassets in Resources */ = {isa = PBXBuildFile; fileRef = 80A4E57B1FAAFE2700A9658D /* Assets.xcassets */; };
		80A4E57F1FAAFE2700A9658D /* LaunchScreen.storyboard in Resources */ = {isa = PBXBuildFile; fileRef = 80A4E57D1FAAFE2700A9658D /* LaunchScreen.storyboard */; };
		80A4E58A1FAAFECD00A9658D /* FooterView.swift in Sources */ = {isa = PBXBuildFile; fileRef = 80A4E5871FAAFECD00A9658D /* FooterView.swift */; };
		80A4E58B1FAAFECD00A9658D /* HeaderView.swift in Sources */ = {isa = PBXBuildFile; fileRef = 80A4E5881FAAFECD00A9658D /* HeaderView.swift */; };
		80A4E58C1FAAFECD00A9658D /* UserCell.swift in Sources */ = {isa = PBXBuildFile; fileRef = 80A4E5891FAAFECD00A9658D /* UserCell.swift */; };
		80A4E58E1FAAFF3A00A9658D /* Model.swift in Sources */ = {isa = PBXBuildFile; fileRef = 80A4E58D1FAAFF3A00A9658D /* Model.swift */; };
/* End PBXBuildFile section */

/* Begin PBXFileReference section */
		80A4E5711FAAFE2700A9658D /* TableViewWithGestures.app */ = {isa = PBXFileReference; explicitFileType = wrapper.application; includeInIndex = 0; path = TableViewWithGestures.app; sourceTree = BUILT_PRODUCTS_DIR; };
		80A4E5741FAAFE2700A9658D /* AppDelegate.swift */ = {isa = PBXFileReference; lastKnownFileType = sourcecode.swift; path = AppDelegate.swift; sourceTree = "<group>"; };
		80A4E5761FAAFE2700A9658D /* BaseViewController.swift */ = {isa = PBXFileReference; lastKnownFileType = sourcecode.swift; path = BaseViewController.swift; sourceTree = "<group>"; };
		80A4E5791FAAFE2700A9658D /* Base */ = {isa = PBXFileReference; lastKnownFileType = file.storyboard; name = Base; path = Base.lproj/Main.storyboard; sourceTree = "<group>"; };
		80A4E57B1FAAFE2700A9658D /* Assets.xcassets */ = {isa = PBXFileReference; lastKnownFileType = folder.assetcatalog; path = Assets.xcassets; sourceTree = "<group>"; };
		80A4E57E1FAAFE2700A9658D /* Base */ = {isa = PBXFileReference; lastKnownFileType = file.storyboard; name = Base; path = Base.lproj/LaunchScreen.storyboard; sourceTree = "<group>"; };
		80A4E5801FAAFE2700A9658D /* Info.plist */ = {isa = PBXFileReference; lastKnownFileType = text.plist.xml; path = Info.plist; sourceTree = "<group>"; };
		80A4E5871FAAFECD00A9658D /* FooterView.swift */ = {isa = PBXFileReference; fileEncoding = 4; lastKnownFileType = sourcecode.swift; path = FooterView.swift; sourceTree = "<group>"; };
		80A4E5881FAAFECD00A9658D /* HeaderView.swift */ = {isa = PBXFileReference; fileEncoding = 4; lastKnownFileType = sourcecode.swift; path = HeaderView.swift; sourceTree = "<group>"; };
		80A4E5891FAAFECD00A9658D /* UserCell.swift */ = {isa = PBXFileReference; fileEncoding = 4; lastKnownFileType = sourcecode.swift; path = UserCell.swift; sourceTree = "<group>"; };
		80A4E58D1FAAFF3A00A9658D /* Model.swift */ = {isa = PBXFileReference; lastKnownFileType = sourcecode.swift; path = Model.swift; sourceTree = "<group>"; };
/* End PBXFileReference section */

/* Begin PBXFrameworksBuildPhase section */
		80A4E56E1FAAFE2700A9658D /* Frameworks */ = {
			isa = PBXFrameworksBuildPhase;
			buildActionMask = 2147483647;
			files = (
			);
			runOnlyForDeploymentPostprocessing = 0;
		};
/* End PBXFrameworksBuildPhase section */

/* Begin PBXGroup section */
		80A4E5681FAAFE2700A9658D = {
			isa = PBXGroup;
			children = (
				80A4E5731FAAFE2700A9658D /* TableViewWithGestures */,
				80A4E5721FAAFE2700A9658D /* Products */,
			);
			sourceTree = "<group>";
		};
		80A4E5721FAAFE2700A9658D /* Products */ = {
			isa = PBXGroup;
			children = (
				80A4E5711FAAFE2700A9658D /* TableViewWithGestures.app */,
			);
			name = Products;
			sourceTree = "<group>";
		};
		80A4E5731FAAFE2700A9658D /* TableViewWithGestures */ = {
			isa = PBXGroup;
			children = (
				80A4E5741FAAFE2700A9658D /* AppDelegate.swift */,
				80A4E5911FAAFF8100A9658D /* Controller */,
				80A4E5901FAAFF7A00A9658D /* View */,
				80A4E58F1FAAFF6100A9658D /* Model */,
				80A4E5861FAAFE3100A9658D /* Others */,
				80A4E5801FAAFE2700A9658D /* Info.plist */,
			);
			path = TableViewWithGestures;
			sourceTree = "<group>";
		};
		80A4E5861FAAFE3100A9658D /* Others */ = {
			isa = PBXGroup;
			children = (
				80A4E5781FAAFE2700A9658D /* Main.storyboard */,
				80A4E57B1FAAFE2700A9658D /* Assets.xcassets */,
				80A4E57D1FAAFE2700A9658D /* LaunchScreen.storyboard */,
			);
			path = Others;
			sourceTree = "<group>";
		};
		80A4E58F1FAAFF6100A9658D /* Model */ = {
			isa = PBXGroup;
			children = (
				80A4E58D1FAAFF3A00A9658D /* Model.swift */,
			);
			path = Model;
			sourceTree = "<group>";
		};
		80A4E5901FAAFF7A00A9658D /* View */ = {
			isa = PBXGroup;
			children = (
				80A4E5871FAAFECD00A9658D /* FooterView.swift */,
				80A4E5881FAAFECD00A9658D /* HeaderView.swift */,
				80A4E5891FAAFECD00A9658D /* UserCell.swift */,
			);
			path = View;
			sourceTree = "<group>";
		};
		80A4E5911FAAFF8100A9658D /* Controller */ = {
			isa = PBXGroup;
			children = (
				80A4E5761FAAFE2700A9658D /* BaseViewController.swift */,
			);
			path = Controller;
			sourceTree = "<group>";
		};
/* End PBXGroup section */

/* Begin PBXNativeTarget section */
		80A4E5701FAAFE2700A9658D /* TableViewWithGestures */ = {
			isa = PBXNativeTarget;
			buildConfigurationList = 80A4E5831FAAFE2700A9658D /* Build configuration list for PBXNativeTarget "TableViewWithGestures" */;
			buildPhases = (
				80A4E56D1FAAFE2700A9658D /* Sources */,
				80A4E56E1FAAFE2700A9658D /* Frameworks */,
				80A4E56F1FAAFE2700A9658D /* Resources */,
			);
			buildRules = (
			);
			dependencies = (
			);
			name = TableViewWithGestures;
			productName = TableViewWithGestures;
			productReference = 80A4E5711FAAFE2700A9658D /* TableViewWithGestures.app */;
			productType = "com.apple.product-type.application";
		};
/* End PBXNativeTarget section */

/* Begin PBXProject section */
		80A4E5691FAAFE2700A9658D /* Project object */ = {
			isa = PBXProject;
			attributes = {
				LastSwiftUpdateCheck = 0900;
				LastUpgradeCheck = 0900;
				ORGANIZATIONNAME = "Ashis Laha";
				TargetAttributes = {
					80A4E5701FAAFE2700A9658D = {
						CreatedOnToolsVersion = 9.0.1;
						ProvisioningStyle = Automatic;
					};
				};
			};
			buildConfigurationList = 80A4E56C1FAAFE2700A9658D /* Build configuration list for PBXProject "TableViewWithGestures" */;
			compatibilityVersion = "Xcode 8.0";
			developmentRegion = en;
			hasScannedForEncodings = 0;
			knownRegions = (
				en,
				Base,
			);
			mainGroup = 80A4E5681FAAFE2700A9658D;
			productRefGroup = 80A4E5721FAAFE2700A9658D /* Products */;
			projectDirPath = "";
			projectRoot = "";
			targets = (
				80A4E5701FAAFE2700A9658D /* TableViewWithGestures */,
			);
		};
/* End PBXProject section */

/* Begin PBXResourcesBuildPhase section */
		80A4E56F1FAAFE2700A9658D /* Resources */ = {
			isa = PBXResourcesBuildPhase;
			buildActionMask = 2147483647;
			files = (
				80A4E57F1FAAFE2700A9658D /* LaunchScreen.storyboard in Resources */,
				80A4E57C1FAAFE2700A9658D /* Assets.xcassets in Resources */,
				80A4E57A1FAAFE2700A9658D /* Main.storyboard in Resources */,
			);
			runOnlyForDeploymentPostprocessing = 0;
		};
/* End PBXResourcesBuildPhase section */

/* Begin PBXSourcesBuildPhase section */
		80A4E56D1FAAFE2700A9658D /* Sources */ = {
			isa = PBXSourcesBuildPhase;
			buildActionMask = 2147483647;
			files = (
				80A4E58A1FAAFECD00A9658D /* FooterView.swift in Sources */,
				80A4E5771FAAFE2700A9658D /* BaseViewController.swift in Sources */,
				80A4E5751FAAFE2700A9658D /* AppDelegate.swift in Sources */,
				80A4E58E1FAAFF3A00A9658D /* Model.swift in Sources */,
				80A4E58C1FAAFECD00A9658D /* UserCell.swift in Sources */,
				80A4E58B1FAAFECD00A9658D /* HeaderView.swift in Sources */,
			);
			runOnlyForDeploymentPostprocessing = 0;
		};
/* End PBXSourcesBuildPhase section */

/* Begin PBXVariantGroup section */
		80A4E5781FAAFE2700A9658D /* Main.storyboard */ = {
			isa = PBXVariantGroup;
			children = (
				80A4E5791FAAFE2700A9658D /* Base */,
			);
			name = Main.storyboard;
			sourceTree = "<group>";
		};
		80A4E57D1FAAFE2700A9658D /* LaunchScreen.storyboard */ = {
			isa = PBXVariantGroup;
			children = (
				80A4E57E1FAAFE2700A9658D /* Base */,
			);
			name = LaunchScreen.storyboard;
			sourceTree = "<group>";
		};
/* End PBXVariantGroup section */

/* Begin XCBuildConfiguration section */
		80A4E5811FAAFE2700A9658D /* Debug */ = {
			isa = XCBuildConfiguration;
			buildSettings = {
				ALWAYS_SEARCH_USER_PATHS = NO;
				CLANG_ANALYZER_NONNULL = YES;
				CLANG_ANALYZER_NUMBER_OBJECT_CONVERSION = YES_AGGRESSIVE;
				CLANG_CXX_LANGUAGE_STANDARD = "gnu++14";
				CLANG_CXX_LIBRARY = "libc++";
				CLANG_ENABLE_MODULES = YES;
				CLANG_ENABLE_OBJC_ARC = YES;
				CLANG_WARN_BLOCK_CAPTURE_AUTORELEASING = YES;
				CLANG_WARN_BOOL_CONVERSION = YES;
				CLANG_WARN_COMMA = YES;
				CLANG_WARN_CONSTANT_CONVERSION = YES;
				CLANG_WARN_DIRECT_OBJC_ISA_USAGE = YES_ERROR;
				CLANG_WARN_DOCUMENTATION_COMMENTS = YES;
				CLANG_WARN_EMPTY_BODY = YES;
				CLANG_WARN_ENUM_CONVERSION = YES;
				CLANG_WARN_INFINITE_RECURSION = YES;
				CLANG_WARN_INT_CONVERSION = YES;
				CLANG_WARN_NON_LITERAL_NULL_CONVERSION = YES;
				CLANG_WARN_OBJC_LITERAL_CONVERSION = YES;
				CLANG_WARN_OBJC_ROOT_CLASS = YES_ERROR;
				CLANG_WARN_RANGE_LOOP_ANALYSIS = YES;
				CLANG_WARN_STRICT_PROTOTYPES = YES;
				CLANG_WARN_SUSPICIOUS_MOVE = YES;
				CLANG_WARN_UNGUARDED_AVAILABILITY = YES_AGGRESSIVE;
				CLANG_WARN_UNREACHABLE_CODE = YES;
				CLANG_WARN__DUPLICATE_METHOD_MATCH = YES;
				CODE_SIGN_IDENTITY = "iPhone Developer";
				COPY_PHASE_STRIP = NO;
				DEBUG_INFORMATION_FORMAT = dwarf;
				ENABLE_STRICT_OBJC_MSGSEND = YES;
				ENABLE_TESTABILITY = YES;
				GCC_C_LANGUAGE_STANDARD = gnu11;
				GCC_DYNAMIC_NO_PIC = NO;
				GCC_NO_COMMON_BLOCKS = YES;
				GCC_OPTIMIZATION_LEVEL = 0;
				GCC_PREPROCESSOR_DEFINITIONS = (
					"DEBUG=1",
					"$(inherited)",
				);
				GCC_WARN_64_TO_32_BIT_CONVERSION = YES;
				GCC_WARN_ABOUT_RETURN_TYPE = YES_ERROR;
				GCC_WARN_UNDECLARED_SELECTOR = YES;
				GCC_WARN_UNINITIALIZED_AUTOS = YES_AGGRESSIVE;
				GCC_WARN_UNUSED_FUNCTION = YES;
				GCC_WARN_UNUSED_VARIABLE = YES;
				IPHONEOS_DEPLOYMENT_TARGET = 11.0;
				MTL_ENABLE_DEBUG_INFO = YES;
				ONLY_ACTIVE_ARCH = YES;
				SDKROOT = iphoneos;
				SWIFT_ACTIVE_COMPILATION_CONDITIONS = DEBUG;
				SWIFT_OPTIMIZATION_LEVEL = "-Onone";
			};
			name = Debug;
		};
		80A4E5821FAAFE2700A9658D /* Release */ = {
			isa = XCBuildConfiguration;
			buildSettings = {
				ALWAYS_SEARCH_USER_PATHS = NO;
				CLANG_ANALYZER_NONNULL = YES;
				CLANG_ANALYZER_NUMBER_OBJECT_CONVERSION = YES_AGGRESSIVE;
				CLANG_CXX_LANGUAGE_STANDARD = "gnu++14";
				CLANG_CXX_LIBRARY = "libc++";
				CLANG_ENABLE_MODULES = YES;
				CLANG_ENABLE_OBJC_ARC = YES;
				CLANG_WARN_BLOCK_CAPTURE_AUTORELEASING = YES;
				CLANG_WARN_BOOL_CONVERSION = YES;
				CLANG_WARN_COMMA = YES;
				CLANG_WARN_CONSTANT_CONVERSION = YES;
				CLANG_WARN_DIRECT_OBJC_ISA_USAGE = YES_ERROR;
				CLANG_WARN_DOCUMENTATION_COMMENTS = YES;
				CLANG_WARN_EMPTY_BODY = YES;
				CLANG_WARN_ENUM_CONVERSION = YES;
				CLANG_WARN_INFINITE_RECURSION = YES;
				CLANG_WARN_INT_CONVERSION = YES;
				CLANG_WARN_NON_LITERAL_NULL_CONVERSION = YES;
				CLANG_WARN_OBJC_LITERAL_CONVERSION = YES;
				CLANG_WARN_OBJC_ROOT_CLASS = YES_ERROR;
				CLANG_WARN_RANGE_LOOP_ANALYSIS = YES;
				CLANG_WARN_STRICT_PROTOTYPES = YES;
				CLANG_WARN_SUSPICIOUS_MOVE = YES;
				CLANG_WARN_UNGUARDED_AVAILABILITY = YES_AGGRESSIVE;
				CLANG_WARN_UNREACHABLE_CODE = YES;
				CLANG_WARN__DUPLICATE_METHOD_MATCH = YES;
				CODE_SIGN_IDENTITY = "iPhone Developer";
				COPY_PHASE_STRIP = NO;
				DEBUG_INFORMATION_FORMAT = "dwarf-with-dsym";
				ENABLE_NS_ASSERTIONS = NO;
				ENABLE_STRICT_OBJC_MSGSEND = YES;
				GCC_C_LANGUAGE_STANDARD = gnu11;
				GCC_NO_COMMON_BLOCKS = YES;
				GCC_WARN_64_TO_32_BIT_CONVERSION = YES;
				GCC_WARN_ABOUT_RETURN_TYPE = YES_ERROR;
				GCC_WARN_UNDECLARED_SELECTOR = YES;
				GCC_WARN_UNINITIALIZED_AUTOS = YES_AGGRESSIVE;
				GCC_WARN_UNUSED_FUNCTION = YES;
				GCC_WARN_UNUSED_VARIABLE = YES;
				IPHONEOS_DEPLOYMENT_TARGET = 11.0;
				MTL_ENABLE_DEBUG_INFO = NO;
				SDKROOT = iphoneos;
				SWIFT_OPTIMIZATION_LEVEL = "-Owholemodule";
				VALIDATE_PRODUCT = YES;
			};
			name = Release;
		};
		80A4E5841FAAFE2700A9658D /* Debug */ = {
			isa = XCBuildConfiguration;
			buildSettings = {
				ASSETCATALOG_COMPILER_APPICON_NAME = AppIcon;
				CODE_SIGN_STYLE = Automatic;
				DEVELOPMENT_TEAM = 87F557PJ6U;
				INFOPLIST_FILE = TableViewWithGestures/Info.plist;
				LD_RUNPATH_SEARCH_PATHS = "$(inherited) @executable_path/Frameworks";
				PRODUCT_BUNDLE_IDENTIFIER = ALaha.TableViewWithGestures;
				PRODUCT_NAME = "$(TARGET_NAME)";
				SWIFT_VERSION = 4.0;
				TARGETED_DEVICE_FAMILY = "1,2";
			};
			name = Debug;
		};
		80A4E5851FAAFE2700A9658D /* Release */ = {
			isa = XCBuildConfiguration;
			buildSettings = {
				ASSETCATALOG_COMPILER_APPICON_NAME = AppIcon;
				CODE_SIGN_STYLE = Automatic;
				DEVELOPMENT_TEAM = 87F557PJ6U;
				INFOPLIST_FILE = TableViewWithGestures/Info.plist;
				LD_RUNPATH_SEARCH_PATHS = "$(inherited) @executable_path/Frameworks";
				PRODUCT_BUNDLE_IDENTIFIER = ALaha.TableViewWithGestures;
				PRODUCT_NAME = "$(TARGET_NAME)";
				SWIFT_VERSION = 4.0;
				TARGETED_DEVICE_FAMILY = "1,2";
			};
			name = Release;
		};
/* End XCBuildConfiguration section */

/* Begin XCConfigurationList section */
		80A4E56C1FAAFE2700A9658D /* Build configuration list for PBXProject "TableViewWithGestures" */ = {
			isa = XCConfigurationList;
			buildConfigurations = (
				80A4E5811FAAFE2700A9658D /* Debug */,
				80A4E5821FAAFE2700A9658D /* Release */,
			);
			defaultConfigurationIsVisible = 0;
			defaultConfigurationName = Release;
		};
		80A4E5831FAAFE2700A9658D /* Build configuration list for PBXNativeTarget "TableViewWithGestures" */ = {
			isa = XCConfigurationList;
			buildConfigurations = (
				80A4E5841FAAFE2700A9658D /* Debug */,
				80A4E5851FAAFE2700A9658D /* Release */,
			);
			defaultConfigurationIsVisible = 0;
			defaultConfigurationName = Release;
		};
/* End XCConfigurationList section */
	};
	rootObject = 80A4E5691FAAFE2700A9658D /* Project object */;
}
